
Microsoft Visual Studio Solution File, Format Version 12.00
# Visual Studio Version 17
VisualStudioVersion = 17.14.37012.4
MinimumVisualStudioVersion = 10.0.40219.1
Project("{FAE04EC0-301F-11D3-BF4B-00C04F79EFBC}") = "VisiWin.Toolkit.Demo.PlcSymbol", "demos\VisiWin.Toolkit.Demo.PlcSymbol\VisiWin.Toolkit.Demo.PlcSymbol.csproj", "{7675B1D9-F3A5-4C23-8112-F9BF630599E7}"
EndProject
Project("{FAE04EC0-301F-11D3-BF4B-00C04F79EFBC}") = "VisiWin.Toolkit.PlcSymbol", "src\VisiWin.Toolkit.PlcSymbol\VisiWin.Toolkit.PlcSymbol.csproj", "{DCBCCBFE-6194-4F2E-8757-2ECCFC842F2A}"
EndProject
Project("{2150E333-8FDC-42A3-9474-1A3956D46DE8}") = "src", "src", "{02EA681E-C7D8-13C7-8484-4AC65E1B71E8}"
EndProject
Project("{2150E333-8FDC-42A3-9474-1A3956D46DE8}") = "demo", "demo", "{3AC433C3-49C0-4B7B-9721-097DF649CA78}"
EndProject
Project("{2150E333-8FDC-42A3-9474-1A3956D46DE8}") = "tests", "tests", "{26DB333D-FCB4-476F-BE39-8AF2EB2D1DCF}"
EndProject
Project("{FAE04EC0-301F-11D3-BF4B-00C04F79EFBC}") = "VisiWin.Toolkit.PlcSymbol.Test", "tests\VisiWin.Toolkit.PlcSymbol.Test\VisiWin.Toolkit.PlcSymbol.Test.csproj", "{1B974306-871F-4EF4-9C3B-4D7E770B1119}"
EndProject
Project("{FAE04EC0-301F-11D3-BF4B-00C04F79EFBC}") = "VisiWin.Toolkit.Infrastructure", "src\VisiWin.Toolkit.Infrastructure\VisiWin.Toolkit.Infrastructure.csproj", "{05F48FD5-6CF7-409D-B335-0C98F53FA35C}"
EndProject
Project("{FAE04EC0-301F-11D3-BF4B-00C04F79EFBC}") = "VisiWin.Toolkit.Base", "src\VisiWin.Toolkit.Base\VisiWin.Toolkit.Base.csproj", "{49415FD9-8ADF-4844-8A0B-76E4E67800B1}"
EndProject
Project("{FAE04EC0-301F-11D3-BF4B-00C04F79EFBC}") = "VisiWin.Toolkit.Demo.Infrastructure", "demos\VisiWin.Toolkit.Demo.Infrastructure\VisiWin.Toolkit.Demo.Infrastructure.csproj", "{05AEAFE9-3D7A-419D-9D46-9FF012FE31D2}"
EndProject
Global
	GlobalSection(SolutionConfigurationPlatforms) = preSolution
		Debug|Any CPU = Debug|Any CPU
		Release|Any CPU = Release|Any CPU
	EndGlobalSection
	GlobalSection(ProjectConfigurationPlatforms) = postSolution
		{7675B1D9-F3A5-4C23-8112-F9BF630599E7}.Debug|Any CPU.ActiveCfg = Debug|x86
		{7675B1D9-F3A5-4C23-8112-F9BF630599E7}.Debug|Any CPU.Build.0 = Debug|x86
		{7675B1D9-F3A5-4C23-8112-F9BF630599E7}.Release|Any CPU.ActiveCfg = Release|x86
		{7675B1D9-F3A5-4C23-8112-F9BF630599E7}.Release|Any CPU.Build.0 = Release|x86
		{DCBCCBFE-6194-4F2E-8757-2ECCFC842F2A}.Debug|Any CPU.ActiveCfg = Debug|Any CPU
		{DCBCCBFE-6194-4F2E-8757-2ECCFC842F2A}.Debug|Any CPU.Build.0 = Debug|Any CPU
		{DCBCCBFE-6194-4F2E-8757-2ECCFC842F2A}.Release|Any CPU.ActiveCfg = Release|Any CPU
		{DCBCCBFE-6194-4F2E-8757-2ECCFC842F2A}.Release|Any CPU.Build.0 = Release|Any CPU
		{1B974306-871F-4EF4-9C3B-4D7E770B1119}.Debug|Any CPU.ActiveCfg = Debug|Any CPU
		{1B974306-871F-4EF4-9C3B-4D7E770B1119}.Debug|Any CPU.Build.0 = Debug|Any CPU
		{1B974306-871F-4EF4-9C3B-4D7E770B1119}.Release|Any CPU.ActiveCfg = Release|Any CPU
		{1B974306-871F-4EF4-9C3B-4D7E770B1119}.Release|Any CPU.Build.0 = Release|Any CPU
		{05F48FD5-6CF7-409D-B335-0C98F53FA35C}.Debug|Any CPU.ActiveCfg = Debug|Any CPU
		{05F48FD5-6CF7-409D-B335-0C98F53FA35C}.Debug|Any CPU.Build.0 = Debug|Any CPU
		{05F48FD5-6CF7-409D-B335-0C98F53FA35C}.Release|Any CPU.ActiveCfg = Release|Any CPU
		{05F48FD5-6CF7-409D-B335-0C98F53FA35C}.Release|Any CPU.Build.0 = Release|Any CPU
		{49415FD9-8ADF-4844-8A0B-76E4E67800B1}.Debug|Any CPU.ActiveCfg = Debug|Any CPU
		{49415FD9-8ADF-4844-8A0B-76E4E67800B1}.Debug|Any CPU.Build.0 = Debug|Any CPU
		{49415FD9-8ADF-4844-8A0B-76E4E67800B1}.Release|Any CPU.ActiveCfg = Release|Any CPU
		{49415FD9-8ADF-4844-8A0B-76E4E67800B1}.Release|Any CPU.Build.0 = Release|Any CPU
		{05AEAFE9-3D7A-419D-9D46-9FF012FE31D2}.Debug|Any CPU.ActiveCfg = Debug|x86
		{05AEAFE9-3D7A-419D-9D46-9FF012FE31D2}.Debug|Any CPU.Build.0 = Debug|x86
		{05AEAFE9-3D7A-419D-9D46-9FF012FE31D2}.Release|Any CPU.ActiveCfg = Release|x86
		{05AEAFE9-3D7A-419D-9D46-9FF012FE31D2}.Release|Any CPU.Build.0 = Release|x86
	EndGlobalSection
	GlobalSection(SolutionProperties) = preSolution
		HideSolutionNode = FALSE
	EndGlobalSection
	GlobalSection(NestedProjects) = preSolution
		{7675B1D9-F3A5-4C23-8112-F9BF630599E7} = {3AC433C3-49C0-4B7B-9721-097DF649CA78}
		{DCBCCBFE-6194-4F2E-8757-2ECCFC842F2A} = {02EA681E-C7D8-13C7-8484-4AC65E1B71E8}
		{1B974306-871F-4EF4-9C3B-4D7E770B1119} = {26DB333D-FCB4-476F-BE39-8AF2EB2D1DCF}
		{05F48FD5-6CF7-409D-B335-0C98F53FA35C} = {02EA681E-C7D8-13C7-8484-4AC65E1B71E8}
		{49415FD9-8ADF-4844-8A0B-76E4E67800B1} = {02EA681E-C7D8-13C7-8484-4AC65E1B71E8}
		{05AEAFE9-3D7A-419D-9D46-9FF012FE31D2} = {3AC433C3-49C0-4B7B-9721-097DF649CA78}
	EndGlobalSection
	GlobalSection(ExtensibilityGlobals) = postSolution
		SolutionGuid = {B9365179-B2EB-4E8C-B5CD-1C9C6E08F056}
	EndGlobalSection
EndGlobal
